// !$*UTF8*$!
{
	archiveVersion = 1;
	classes = {
	};
	objectVersion = 46;
	objects = {

/* Begin PBXBuildFile section */
		268EF97BA0D98B4E7647092B /* libPods.a in Frameworks */ = {isa = PBXBuildFile; fileRef = D38C993FA7D182A9E412698B /* libPods.a */; };
		9B47C3111BED7F7B0060F6CD /* AppDelegate.m in Sources */ = {isa = PBXBuildFile; fileRef = 9B47C3091BED7F7B0060F6CD /* AppDelegate.m */; };
		9B47C3151BED80E80060F6CD /* MeeTabBarController.m in Sources */ = {isa = PBXBuildFile; fileRef = 9B47C3141BED80E80060F6CD /* MeeTabBarController.m */; };
		9B47C3181BED810F0060F6CD /* MeeNavigationController.m in Sources */ = {isa = PBXBuildFile; fileRef = 9B47C3171BED810F0060F6CD /* MeeNavigationController.m */; };
		9B47C31B1BED82F30060F6CD /* MeeEssenceViewController.m in Sources */ = {isa = PBXBuildFile; fileRef = 9B47C31A1BED82F30060F6CD /* MeeEssenceViewController.m */; };
		9B47C31E1BED83120060F6CD /* MeeFriendTrendsViewController.m in Sources */ = {isa = PBXBuildFile; fileRef = 9B47C31D1BED83120060F6CD /* MeeFriendTrendsViewController.m */; };
		9B47C3211BED83200060F6CD /* MeeMeViewController.m in Sources */ = {isa = PBXBuildFile; fileRef = 9B47C3201BED83200060F6CD /* MeeMeViewController.m */; };
		9B47C3241BED83450060F6CD /* MeeNewViewController.m in Sources */ = {isa = PBXBuildFile; fileRef = 9B47C3231BED83450060F6CD /* MeeNewViewController.m */; };
		9B47C3271BED835F0060F6CD /* MeePulishViewController.m in Sources */ = {isa = PBXBuildFile; fileRef = 9B47C3261BED835F0060F6CD /* MeePulishViewController.m */; };
		9BB666FC1BFC0A460082B620 /* MeeLoginRegisterController.m in Sources */ = {isa = PBXBuildFile; fileRef = 9BB666FB1BFC0A460082B620 /* MeeLoginRegisterController.m */; };
		9BB6673D1BFC1D2F0082B620 /* MeeFriendTrendsViewController.storyboard in Resources */ = {isa = PBXBuildFile; fileRef = 9BB6673C1BFC1D2F0082B620 /* MeeFriendTrendsViewController.storyboard */; };
		9BB667401BFC28C50082B620 /* MeeLoginButton.m in Sources */ = {isa = PBXBuildFile; fileRef = 9BB6673F1BFC28C50082B620 /* MeeLoginButton.m */; };
		9BE8BDB21BF81F9C00B75E7B /* UIImage+MeeCircleImage.m in Sources */ = {isa = PBXBuildFile; fileRef = 9BE8BDB11BF81F9C00B75E7B /* UIImage+MeeCircleImage.m */; };
		9BE8BDB51BF8241000B75E7B /* UIImageView+MeeHeaderImage.m in Sources */ = {isa = PBXBuildFile; fileRef = 9BE8BDB41BF8241000B75E7B /* UIImageView+MeeHeaderImage.m */; };
		9BEBD10D1BF2C84E00FE8CFB /* MeeTabBar.m in Sources */ = {isa = PBXBuildFile; fileRef = 9BEBD10C1BF2C84E00FE8CFB /* MeeTabBar.m */; };
		9BF01C5D1BF6C0B50004E78D /* MeeTagTableViewController.m in Sources */ = {isa = PBXBuildFile; fileRef = 9BF01C5C1BF6C0B50004E78D /* MeeTagTableViewController.m */; };
		9BF01C651BF729CE0004E78D /* MeeHTTPSessionManager.m in Sources */ = {isa = PBXBuildFile; fileRef = 9BF01C641BF729CE0004E78D /* MeeHTTPSessionManager.m */; };
		9BF01C681BF72CEC0004E78D /* MeeConst.m in Sources */ = {isa = PBXBuildFile; fileRef = 9BF01C671BF72CEC0004E78D /* MeeConst.m */; };
		9BF01C6B1BF7326D0004E78D /* MeeTagModel.m in Sources */ = {isa = PBXBuildFile; fileRef = 9BF01C6A1BF7326D0004E78D /* MeeTagModel.m */; };
		9BF01C6F1BF737E60004E78D /* MeeTagTableViewCell.m in Sources */ = {isa = PBXBuildFile; fileRef = 9BF01C6D1BF737E60004E78D /* MeeTagTableViewCell.m */; };
		9BF01C701BF737E60004E78D /* MeeTagTableViewCell.xib in Resources */ = {isa = PBXBuildFile; fileRef = 9BF01C6E1BF737E60004E78D /* MeeTagTableViewCell.xib */; };
		9BF01C731BF742080004E78D /* UIView+Frame.m in Sources */ = {isa = PBXBuildFile; fileRef = 9BF01C721BF742080004E78D /* UIView+Frame.m */; };
		9BFA44361BEDAD66007DD99E /* main.m in Sources */ = {isa = PBXBuildFile; fileRef = 9BFA44341BEDAD66007DD99E /* main.m */; };
		9BFA443A1BEE1E82007DD99E /* UIBarButtonItem+MeeBarButtonItem.m in Sources */ = {isa = PBXBuildFile; fileRef = 9BFA44391BEE1E82007DD99E /* UIBarButtonItem+MeeBarButtonItem.m */; };
		9BFA81CC1BEAF7E500AA71B5 /* Assets.xcassets in Resources */ = {isa = PBXBuildFile; fileRef = 9BFA81CB1BEAF7E500AA71B5 /* Assets.xcassets */; };
		9BFA81DA1BEAF7E500AA71B5 /* MeeBSTests.m in Sources */ = {isa = PBXBuildFile; fileRef = 9BFA81D91BEAF7E500AA71B5 /* MeeBSTests.m */; };
		9BFA81E51BEAF7E500AA71B5 /* MeeBSUITests.m in Sources */ = {isa = PBXBuildFile; fileRef = 9BFA81E41BEAF7E500AA71B5 /* MeeBSUITests.m */; };
		9C00BA421C2303150058A850 /* MeeCategoryViewController.m in Sources */ = {isa = PBXBuildFile; fileRef = 9C00BA411C2303150058A850 /* MeeCategoryViewController.m */; };
		9C0BAEA51C40EF2500747C7B /* MeeAllViewController.m in Sources */ = {isa = PBXBuildFile; fileRef = 9C0BAEA41C40EF2500747C7B /* MeeAllViewController.m */; };
		9C0BAEA81C40EF4700747C7B /* MeeVideoViewController.m in Sources */ = {isa = PBXBuildFile; fileRef = 9C0BAEA71C40EF4700747C7B /* MeeVideoViewController.m */; };
		9C0BAEAB1C40EF6700747C7B /* MeeVoiceViewController.m in Sources */ = {isa = PBXBuildFile; fileRef = 9C0BAEAA1C40EF6700747C7B /* MeeVoiceViewController.m */; };
		9C0BAEAE1C40EF7B00747C7B /* MeePictureViewController.m in Sources */ = {isa = PBXBuildFile; fileRef = 9C0BAEAD1C40EF7B00747C7B /* MeePictureViewController.m */; };
		9C0BAEB11C40EF9100747C7B /* MeeWordViewController.m in Sources */ = {isa = PBXBuildFile; fileRef = 9C0BAEB01C40EF9100747C7B /* MeeWordViewController.m */; };
		9C4A847F1C244CE70054D56B /* MeeCategoryModel.m in Sources */ = {isa = PBXBuildFile; fileRef = 9C4A847E1C244CE70054D56B /* MeeCategoryModel.m */; };
		9C4A84821C2460880054D56B /* MeeUserModel.m in Sources */ = {isa = PBXBuildFile; fileRef = 9C4A84811C2460880054D56B /* MeeUserModel.m */; };
		9C579E551C251A5D0010420F /* MeeCategoryCell.m in Sources */ = {isa = PBXBuildFile; fileRef = 9C579E541C251A5D0010420F /* MeeCategoryCell.m */; };
		9C579E581C251A710010420F /* MeeUserCell.m in Sources */ = {isa = PBXBuildFile; fileRef = 9C579E571C251A710010420F /* MeeUserCell.m */; };
		9C69A5561C2104DF007EE398 /* MeeButton.m in Sources */ = {isa = PBXBuildFile; fileRef = 9C69A5551C2104DF007EE398 /* MeeButton.m */; };
		9C69A55A1C2126EC007EE398 /* MeeWebController.m in Sources */ = {isa = PBXBuildFile; fileRef = 9C69A5581C2126EC007EE398 /* MeeWebController.m */; };
		9C69A55B1C2126EC007EE398 /* MeeWebController.xib in Resources */ = {isa = PBXBuildFile; fileRef = 9C69A5591C2126EC007EE398 /* MeeWebController.xib */; };
		9C69A55E1C2142D5007EE398 /* MeeSettingViewController.m in Sources */ = {isa = PBXBuildFile; fileRef = 9C69A55D1C2142D5007EE398 /* MeeSettingViewController.m */; };
		9C69A5631C215758007EE398 /* MeeClearCell.m in Sources */ = {isa = PBXBuildFile; fileRef = 9C69A5621C215758007EE398 /* MeeClearCell.m */; };
		9C69A5671C215772007EE398 /* MeeSettingCell.m in Sources */ = {isa = PBXBuildFile; fileRef = 9C69A5651C215772007EE398 /* MeeSettingCell.m */; };
		9C69A5681C215772007EE398 /* MeeSettingCell.xib in Resources */ = {isa = PBXBuildFile; fileRef = 9C69A5661C215772007EE398 /* MeeSettingCell.xib */; };
		9C69A56C1C215AFE007EE398 /* MeeOtherCell.m in Sources */ = {isa = PBXBuildFile; fileRef = 9C69A56A1C215AFE007EE398 /* MeeOtherCell.m */; };
		9C69A56D1C215AFE007EE398 /* MeeOtherCell.xib in Resources */ = {isa = PBXBuildFile; fileRef = 9C69A56B1C215AFE007EE398 /* MeeOtherCell.xib */; };
		9C83847F1C1EC0860043641A /* MeeFooterView.m in Sources */ = {isa = PBXBuildFile; fileRef = 9C83847E1C1EC0860043641A /* MeeFooterView.m */; };
		9C8384821C1EC4D10043641A /* MeeSquareModel.m in Sources */ = {isa = PBXBuildFile; fileRef = 9C8384811C1EC4D10043641A /* MeeSquareModel.m */; };
		9C90B8F41C1D11200099F410 /* MeeTextField.m in Sources */ = {isa = PBXBuildFile; fileRef = 9C90B8F31C1D11200099F410 /* MeeTextField.m */; };
		9C90B8F71C1D23FA0099F410 /* UITextField+MeeExtensionPlaceholderColor.m in Sources */ = {isa = PBXBuildFile; fileRef = 9C90B8F61C1D23FA0099F410 /* UITextField+MeeExtensionPlaceholderColor.m */; };
		9C90B8FE1C1DA23F0099F410 /* MeeMeCell.m in Sources */ = {isa = PBXBuildFile; fileRef = 9C90B8FD1C1DA23F0099F410 /* MeeMeCell.m */; };
		9CBF42751C7DB18E00CAD6E5 /* MeeTopicModel.m in Sources */ = {isa = PBXBuildFile; fileRef = 9CBF42741C7DB18E00CAD6E5 /* MeeTopicModel.m */; };
		9CBF427B1C7DB4BE00CAD6E5 /* MeeTopicCell.m in Sources */ = {isa = PBXBuildFile; fileRef = 9CBF42791C7DB4BE00CAD6E5 /* MeeTopicCell.m */; };
		9CBF427C1C7DB4BE00CAD6E5 /* MeeTopicCell.xib in Resources */ = {isa = PBXBuildFile; fileRef = 9CBF427A1C7DB4BE00CAD6E5 /* MeeTopicCell.xib */; };
		9CE0A3971C25746300011309 /* MeeRefreshHeader.m in Sources */ = {isa = PBXBuildFile; fileRef = 9CE0A3961C25746300011309 /* MeeRefreshHeader.m */; };
		9CE0A39A1C2594D300011309 /* MeeRefreshFooter.m in Sources */ = {isa = PBXBuildFile; fileRef = 9CE0A3991C2594D300011309 /* MeeRefreshFooter.m */; };
/* End PBXBuildFile section */

/* Begin PBXContainerItemProxy section */
		9BFA81D61BEAF7E500AA71B5 /* PBXContainerItemProxy */ = {
			isa = PBXContainerItemProxy;
			containerPortal = 9BFA81B41BEAF7E500AA71B5 /* Project object */;
			proxyType = 1;
			remoteGlobalIDString = 9BFA81BB1BEAF7E500AA71B5;
			remoteInfo = MeeBS;
		};
		9BFA81E11BEAF7E500AA71B5 /* PBXContainerItemProxy */ = {
			isa = PBXContainerItemProxy;
			containerPortal = 9BFA81B41BEAF7E500AA71B5 /* Project object */;
			proxyType = 1;
			remoteGlobalIDString = 9BFA81BB1BEAF7E500AA71B5;
			remoteInfo = MeeBS;
		};
/* End PBXContainerItemProxy section */

/* Begin PBXFileReference section */
		184A2A2B2FC4F4BAC3F66B1D /* Pods.release.xcconfig */ = {isa = PBXFileReference; includeInIndex = 1; lastKnownFileType = text.xcconfig; name = Pods.release.xcconfig; path = "Pods/Target Support Files/Pods/Pods.release.xcconfig"; sourceTree = "<group>"; };
		3C0BE653616906A83AD39529 /* Pods.debug.xcconfig */ = {isa = PBXFileReference; includeInIndex = 1; lastKnownFileType = text.xcconfig; name = Pods.debug.xcconfig; path = "Pods/Target Support Files/Pods/Pods.debug.xcconfig"; sourceTree = "<group>"; };
		9B47C3081BED7F7B0060F6CD /* AppDelegate.h */ = {isa = PBXFileReference; fileEncoding = 4; lastKnownFileType = sourcecode.c.h; path = AppDelegate.h; sourceTree = "<group>"; };
		9B47C3091BED7F7B0060F6CD /* AppDelegate.m */ = {isa = PBXFileReference; fileEncoding = 4; lastKnownFileType = sourcecode.c.objc; path = AppDelegate.m; sourceTree = "<group>"; };
		9B47C3131BED80E80060F6CD /* MeeTabBarController.h */ = {isa = PBXFileReference; fileEncoding = 4; lastKnownFileType = sourcecode.c.h; path = MeeTabBarController.h; sourceTree = "<group>"; };
		9B47C3141BED80E80060F6CD /* MeeTabBarController.m */ = {isa = PBXFileReference; fileEncoding = 4; lastKnownFileType = sourcecode.c.objc; path = MeeTabBarController.m; sourceTree = "<group>"; };
		9B47C3161BED810F0060F6CD /* MeeNavigationController.h */ = {isa = PBXFileReference; fileEncoding = 4; lastKnownFileType = sourcecode.c.h; path = MeeNavigationController.h; sourceTree = "<group>"; };
		9B47C3171BED810F0060F6CD /* MeeNavigationController.m */ = {isa = PBXFileReference; fileEncoding = 4; lastKnownFileType = sourcecode.c.objc; path = MeeNavigationController.m; sourceTree = "<group>"; };
		9B47C3191BED82F30060F6CD /* MeeEssenceViewController.h */ = {isa = PBXFileReference; fileEncoding = 4; lastKnownFileType = sourcecode.c.h; path = MeeEssenceViewController.h; sourceTree = "<group>"; };
		9B47C31A1BED82F30060F6CD /* MeeEssenceViewController.m */ = {isa = PBXFileReference; fileEncoding = 4; lastKnownFileType = sourcecode.c.objc; path = MeeEssenceViewController.m; sourceTree = "<group>"; };
		9B47C31C1BED83120060F6CD /* MeeFriendTrendsViewController.h */ = {isa = PBXFileReference; fileEncoding = 4; lastKnownFileType = sourcecode.c.h; path = MeeFriendTrendsViewController.h; sourceTree = "<group>"; };
		9B47C31D1BED83120060F6CD /* MeeFriendTrendsViewController.m */ = {isa = PBXFileReference; fileEncoding = 4; lastKnownFileType = sourcecode.c.objc; path = MeeFriendTrendsViewController.m; sourceTree = "<group>"; };
		9B47C31F1BED83200060F6CD /* MeeMeViewController.h */ = {isa = PBXFileReference; fileEncoding = 4; lastKnownFileType = sourcecode.c.h; path = MeeMeViewController.h; sourceTree = "<group>"; };
		9B47C3201BED83200060F6CD /* MeeMeViewController.m */ = {isa = PBXFileReference; fileEncoding = 4; lastKnownFileType = sourcecode.c.objc; path = MeeMeViewController.m; sourceTree = "<group>"; };
		9B47C3221BED83450060F6CD /* MeeNewViewController.h */ = {isa = PBXFileReference; fileEncoding = 4; lastKnownFileType = sourcecode.c.h; path = MeeNewViewController.h; sourceTree = "<group>"; };
		9B47C3231BED83450060F6CD /* MeeNewViewController.m */ = {isa = PBXFileReference; fileEncoding = 4; lastKnownFileType = sourcecode.c.objc; path = MeeNewViewController.m; sourceTree = "<group>"; };
		9B47C3251BED835F0060F6CD /* MeePulishViewController.h */ = {isa = PBXFileReference; fileEncoding = 4; lastKnownFileType = sourcecode.c.h; path = MeePulishViewController.h; sourceTree = "<group>"; };
		9B47C3261BED835F0060F6CD /* MeePulishViewController.m */ = {isa = PBXFileReference; fileEncoding = 4; lastKnownFileType = sourcecode.c.objc; path = MeePulishViewController.m; sourceTree = "<group>"; };
		9BB666FA1BFC0A460082B620 /* MeeLoginRegisterController.h */ = {isa = PBXFileReference; fileEncoding = 4; lastKnownFileType = sourcecode.c.h; path = MeeLoginRegisterController.h; sourceTree = "<group>"; };
		9BB666FB1BFC0A460082B620 /* MeeLoginRegisterController.m */ = {isa = PBXFileReference; fileEncoding = 4; lastKnownFileType = sourcecode.c.objc; path = MeeLoginRegisterController.m; sourceTree = "<group>"; };
		9BB6673C1BFC1D2F0082B620 /* MeeFriendTrendsViewController.storyboard */ = {isa = PBXFileReference; fileEncoding = 4; lastKnownFileType = file.storyboard; path = MeeFriendTrendsViewController.storyboard; sourceTree = "<group>"; };
		9BB6673E1BFC28C50082B620 /* MeeLoginButton.h */ = {isa = PBXFileReference; fileEncoding = 4; lastKnownFileType = sourcecode.c.h; path = MeeLoginButton.h; sourceTree = "<group>"; };
		9BB6673F1BFC28C50082B620 /* MeeLoginButton.m */ = {isa = PBXFileReference; fileEncoding = 4; lastKnownFileType = sourcecode.c.objc; path = MeeLoginButton.m; sourceTree = "<group>"; };
		9BE8BDB01BF81F9C00B75E7B /* UIImage+MeeCircleImage.h */ = {isa = PBXFileReference; fileEncoding = 4; lastKnownFileType = sourcecode.c.h; path = "UIImage+MeeCircleImage.h"; sourceTree = "<group>"; };
		9BE8BDB11BF81F9C00B75E7B /* UIImage+MeeCircleImage.m */ = {isa = PBXFileReference; fileEncoding = 4; lastKnownFileType = sourcecode.c.objc; path = "UIImage+MeeCircleImage.m"; sourceTree = "<group>"; };
		9BE8BDB31BF8241000B75E7B /* UIImageView+MeeHeaderImage.h */ = {isa = PBXFileReference; fileEncoding = 4; lastKnownFileType = sourcecode.c.h; path = "UIImageView+MeeHeaderImage.h"; sourceTree = "<group>"; };
		9BE8BDB41BF8241000B75E7B /* UIImageView+MeeHeaderImage.m */ = {isa = PBXFileReference; fileEncoding = 4; lastKnownFileType = sourcecode.c.objc; path = "UIImageView+MeeHeaderImage.m"; sourceTree = "<group>"; };
		9BEBD10B1BF2C84E00FE8CFB /* MeeTabBar.h */ = {isa = PBXFileReference; fileEncoding = 4; lastKnownFileType = sourcecode.c.h; path = MeeTabBar.h; sourceTree = "<group>"; };
		9BEBD10C1BF2C84E00FE8CFB /* MeeTabBar.m */ = {isa = PBXFileReference; fileEncoding = 4; lastKnownFileType = sourcecode.c.objc; path = MeeTabBar.m; sourceTree = "<group>"; };
		9BF01C5B1BF6C0B50004E78D /* MeeTagTableViewController.h */ = {isa = PBXFileReference; fileEncoding = 4; lastKnownFileType = sourcecode.c.h; path = MeeTagTableViewController.h; sourceTree = "<group>"; };
		9BF01C5C1BF6C0B50004E78D /* MeeTagTableViewController.m */ = {isa = PBXFileReference; fileEncoding = 4; lastKnownFileType = sourcecode.c.objc; path = MeeTagTableViewController.m; sourceTree = "<group>"; };
		9BF01C631BF729CE0004E78D /* MeeHTTPSessionManager.h */ = {isa = PBXFileReference; fileEncoding = 4; lastKnownFileType = sourcecode.c.h; path = MeeHTTPSessionManager.h; sourceTree = "<group>"; };
		9BF01C641BF729CE0004E78D /* MeeHTTPSessionManager.m */ = {isa = PBXFileReference; fileEncoding = 4; lastKnownFileType = sourcecode.c.objc; path = MeeHTTPSessionManager.m; sourceTree = "<group>"; };
		9BF01C661BF72CEC0004E78D /* MeeConst.h */ = {isa = PBXFileReference; fileEncoding = 4; lastKnownFileType = sourcecode.c.h; path = MeeConst.h; sourceTree = "<group>"; };
		9BF01C671BF72CEC0004E78D /* MeeConst.m */ = {isa = PBXFileReference; fileEncoding = 4; lastKnownFileType = sourcecode.c.objc; path = MeeConst.m; sourceTree = "<group>"; };
		9BF01C691BF7326D0004E78D /* MeeTagModel.h */ = {isa = PBXFileReference; fileEncoding = 4; lastKnownFileType = sourcecode.c.h; path = MeeTagModel.h; sourceTree = "<group>"; };
		9BF01C6A1BF7326D0004E78D /* MeeTagModel.m */ = {isa = PBXFileReference; fileEncoding = 4; lastKnownFileType = sourcecode.c.objc; path = MeeTagModel.m; sourceTree = "<group>"; };
		9BF01C6C1BF737E60004E78D /* MeeTagTableViewCell.h */ = {isa = PBXFileReference; fileEncoding = 4; lastKnownFileType = sourcecode.c.h; path = MeeTagTableViewCell.h; sourceTree = "<group>"; };
		9BF01C6D1BF737E60004E78D /* MeeTagTableViewCell.m */ = {isa = PBXFileReference; fileEncoding = 4; lastKnownFileType = sourcecode.c.objc; path = MeeTagTableViewCell.m; sourceTree = "<group>"; };
		9BF01C6E1BF737E60004E78D /* MeeTagTableViewCell.xib */ = {isa = PBXFileReference; fileEncoding = 4; lastKnownFileType = file.xib; path = MeeTagTableViewCell.xib; sourceTree = "<group>"; };
		9BF01C711BF742080004E78D /* UIView+Frame.h */ = {isa = PBXFileReference; fileEncoding = 4; lastKnownFileType = sourcecode.c.h; path = "UIView+Frame.h"; sourceTree = "<group>"; };
		9BF01C721BF742080004E78D /* UIView+Frame.m */ = {isa = PBXFileReference; fileEncoding = 4; lastKnownFileType = sourcecode.c.objc; path = "UIView+Frame.m"; sourceTree = "<group>"; };
		9BFA44341BEDAD66007DD99E /* main.m */ = {isa = PBXFileReference; fileEncoding = 4; lastKnownFileType = sourcecode.c.objc; path = main.m; sourceTree = "<group>"; };
		9BFA44351BEDAD66007DD99E /* PrefixHeader.pch */ = {isa = PBXFileReference; fileEncoding = 4; lastKnownFileType = sourcecode.c.h; path = PrefixHeader.pch; sourceTree = "<group>"; };
		9BFA44381BEE1E82007DD99E /* UIBarButtonItem+MeeBarButtonItem.h */ = {isa = PBXFileReference; fileEncoding = 4; lastKnownFileType = sourcecode.c.h; path = "UIBarButtonItem+MeeBarButtonItem.h"; sourceTree = "<group>"; };
		9BFA44391BEE1E82007DD99E /* UIBarButtonItem+MeeBarButtonItem.m */ = {isa = PBXFileReference; fileEncoding = 4; lastKnownFileType = sourcecode.c.objc; path = "UIBarButtonItem+MeeBarButtonItem.m"; sourceTree = "<group>"; };
		9BFA81BC1BEAF7E500AA71B5 /* MeeBS.app */ = {isa = PBXFileReference; explicitFileType = wrapper.application; includeInIndex = 0; path = MeeBS.app; sourceTree = BUILT_PRODUCTS_DIR; };
		9BFA81CB1BEAF7E500AA71B5 /* Assets.xcassets */ = {isa = PBXFileReference; lastKnownFileType = folder.assetcatalog; path = Assets.xcassets; sourceTree = "<group>"; };
		9BFA81D01BEAF7E500AA71B5 /* Info.plist */ = {isa = PBXFileReference; lastKnownFileType = text.plist.xml; path = Info.plist; sourceTree = "<group>"; };
		9BFA81D51BEAF7E500AA71B5 /* MeeBSTests.xctest */ = {isa = PBXFileReference; explicitFileType = wrapper.cfbundle; includeInIndex = 0; path = MeeBSTests.xctest; sourceTree = BUILT_PRODUCTS_DIR; };
		9BFA81D91BEAF7E500AA71B5 /* MeeBSTests.m */ = {isa = PBXFileReference; lastKnownFileType = sourcecode.c.objc; path = MeeBSTests.m; sourceTree = "<group>"; };
		9BFA81DB1BEAF7E500AA71B5 /* Info.plist */ = {isa = PBXFileReference; lastKnownFileType = text.plist.xml; path = Info.plist; sourceTree = "<group>"; };
		9BFA81E01BEAF7E500AA71B5 /* MeeBSUITests.xctest */ = {isa = PBXFileReference; explicitFileType = wrapper.cfbundle; includeInIndex = 0; path = MeeBSUITests.xctest; sourceTree = BUILT_PRODUCTS_DIR; };
		9BFA81E41BEAF7E500AA71B5 /* MeeBSUITests.m */ = {isa = PBXFileReference; lastKnownFileType = sourcecode.c.objc; path = MeeBSUITests.m; sourceTree = "<group>"; };
		9BFA81E61BEAF7E500AA71B5 /* Info.plist */ = {isa = PBXFileReference; lastKnownFileType = text.plist.xml; path = Info.plist; sourceTree = "<group>"; };
		9C00BA401C2303150058A850 /* MeeCategoryViewController.h */ = {isa = PBXFileReference; fileEncoding = 4; lastKnownFileType = sourcecode.c.h; path = MeeCategoryViewController.h; sourceTree = "<group>"; };
		9C00BA411C2303150058A850 /* MeeCategoryViewController.m */ = {isa = PBXFileReference; fileEncoding = 4; lastKnownFileType = sourcecode.c.objc; path = MeeCategoryViewController.m; sourceTree = "<group>"; };
		9C0BAEA31C40EF2500747C7B /* MeeAllViewController.h */ = {isa = PBXFileReference; fileEncoding = 4; lastKnownFileType = sourcecode.c.h; path = MeeAllViewController.h; sourceTree = "<group>"; };
		9C0BAEA41C40EF2500747C7B /* MeeAllViewController.m */ = {isa = PBXFileReference; fileEncoding = 4; lastKnownFileType = sourcecode.c.objc; path = MeeAllViewController.m; sourceTree = "<group>"; };
		9C0BAEA61C40EF4700747C7B /* MeeVideoViewController.h */ = {isa = PBXFileReference; fileEncoding = 4; lastKnownFileType = sourcecode.c.h; path = MeeVideoViewController.h; sourceTree = "<group>"; };
		9C0BAEA71C40EF4700747C7B /* MeeVideoViewController.m */ = {isa = PBXFileReference; fileEncoding = 4; lastKnownFileType = sourcecode.c.objc; path = MeeVideoViewController.m; sourceTree = "<group>"; };
		9C0BAEA91C40EF6700747C7B /* MeeVoiceViewController.h */ = {isa = PBXFileReference; fileEncoding = 4; lastKnownFileType = sourcecode.c.h; path = MeeVoiceViewController.h; sourceTree = "<group>"; };
		9C0BAEAA1C40EF6700747C7B /* MeeVoiceViewController.m */ = {isa = PBXFileReference; fileEncoding = 4; lastKnownFileType = sourcecode.c.objc; path = MeeVoiceViewController.m; sourceTree = "<group>"; };
		9C0BAEAC1C40EF7B00747C7B /* MeePictureViewController.h */ = {isa = PBXFileReference; fileEncoding = 4; lastKnownFileType = sourcecode.c.h; path = MeePictureViewController.h; sourceTree = "<group>"; };
		9C0BAEAD1C40EF7B00747C7B /* MeePictureViewController.m */ = {isa = PBXFileReference; fileEncoding = 4; lastKnownFileType = sourcecode.c.objc; path = MeePictureViewController.m; sourceTree = "<group>"; };
		9C0BAEAF1C40EF9100747C7B /* MeeWordViewController.h */ = {isa = PBXFileReference; fileEncoding = 4; lastKnownFileType = sourcecode.c.h; path = MeeWordViewController.h; sourceTree = "<group>"; };
		9C0BAEB01C40EF9100747C7B /* MeeWordViewController.m */ = {isa = PBXFileReference; fileEncoding = 4; lastKnownFileType = sourcecode.c.objc; path = MeeWordViewController.m; sourceTree = "<group>"; };
		9C4A847D1C244CE70054D56B /* MeeCategoryModel.h */ = {isa = PBXFileReference; fileEncoding = 4; lastKnownFileType = sourcecode.c.h; path = MeeCategoryModel.h; sourceTree = "<group>"; };
		9C4A847E1C244CE70054D56B /* MeeCategoryModel.m */ = {isa = PBXFileReference; fileEncoding = 4; lastKnownFileType = sourcecode.c.objc; path = MeeCategoryModel.m; sourceTree = "<group>"; };
		9C4A84801C2460880054D56B /* MeeUserModel.h */ = {isa = PBXFileReference; fileEncoding = 4; lastKnownFileType = sourcecode.c.h; path = MeeUserModel.h; sourceTree = "<group>"; };
		9C4A84811C2460880054D56B /* MeeUserModel.m */ = {isa = PBXFileReference; fileEncoding = 4; lastKnownFileType = sourcecode.c.objc; path = MeeUserModel.m; sourceTree = "<group>"; };
		9C579E531C251A5D0010420F /* MeeCategoryCell.h */ = {isa = PBXFileReference; fileEncoding = 4; lastKnownFileType = sourcecode.c.h; path = MeeCategoryCell.h; sourceTree = "<group>"; };
		9C579E541C251A5D0010420F /* MeeCategoryCell.m */ = {isa = PBXFileReference; fileEncoding = 4; lastKnownFileType = sourcecode.c.objc; path = MeeCategoryCell.m; sourceTree = "<group>"; };
		9C579E561C251A710010420F /* MeeUserCell.h */ = {isa = PBXFileReference; fileEncoding = 4; lastKnownFileType = sourcecode.c.h; path = MeeUserCell.h; sourceTree = "<group>"; };
		9C579E571C251A710010420F /* MeeUserCell.m */ = {isa = PBXFileReference; fileEncoding = 4; lastKnownFileType = sourcecode.c.objc; path = MeeUserCell.m; sourceTree = "<group>"; };
		9C69A5541C2104DF007EE398 /* MeeButton.h */ = {isa = PBXFileReference; fileEncoding = 4; lastKnownFileType = sourcecode.c.h; path = MeeButton.h; sourceTree = "<group>"; };
		9C69A5551C2104DF007EE398 /* MeeButton.m */ = {isa = PBXFileReference; fileEncoding = 4; lastKnownFileType = sourcecode.c.objc; path = MeeButton.m; sourceTree = "<group>"; };
		9C69A5571C2126EC007EE398 /* MeeWebController.h */ = {isa = PBXFileReference; fileEncoding = 4; lastKnownFileType = sourcecode.c.h; path = MeeWebController.h; sourceTree = "<group>"; };
		9C69A5581C2126EC007EE398 /* MeeWebController.m */ = {isa = PBXFileReference; fileEncoding = 4; lastKnownFileType = sourcecode.c.objc; path = MeeWebController.m; sourceTree = "<group>"; };
		9C69A5591C2126EC007EE398 /* MeeWebController.xib */ = {isa = PBXFileReference; fileEncoding = 4; lastKnownFileType = file.xib; path = MeeWebController.xib; sourceTree = "<group>"; };
		9C69A55C1C2142D5007EE398 /* MeeSettingViewController.h */ = {isa = PBXFileReference; fileEncoding = 4; lastKnownFileType = sourcecode.c.h; path = MeeSettingViewController.h; sourceTree = "<group>"; };
		9C69A55D1C2142D5007EE398 /* MeeSettingViewController.m */ = {isa = PBXFileReference; fileEncoding = 4; lastKnownFileType = sourcecode.c.objc; path = MeeSettingViewController.m; sourceTree = "<group>"; };
		9C69A5611C215758007EE398 /* MeeClearCell.h */ = {isa = PBXFileReference; fileEncoding = 4; lastKnownFileType = sourcecode.c.h; path = MeeClearCell.h; sourceTree = "<group>"; };
		9C69A5621C215758007EE398 /* MeeClearCell.m */ = {isa = PBXFileReference; fileEncoding = 4; lastKnownFileType = sourcecode.c.objc; path = MeeClearCell.m; sourceTree = "<group>"; };
		9C69A5641C215772007EE398 /* MeeSettingCell.h */ = {isa = PBXFileReference; fileEncoding = 4; lastKnownFileType = sourcecode.c.h; path = MeeSettingCell.h; sourceTree = "<group>"; };
		9C69A5651C215772007EE398 /* MeeSettingCell.m */ = {isa = PBXFileReference; fileEncoding = 4; lastKnownFileType = sourcecode.c.objc; path = MeeSettingCell.m; sourceTree = "<group>"; };
		9C69A5661C215772007EE398 /* MeeSettingCell.xib */ = {isa = PBXFileReference; fileEncoding = 4; lastKnownFileType = file.xib; path = MeeSettingCell.xib; sourceTree = "<group>"; };
		9C69A5691C215AFE007EE398 /* MeeOtherCell.h */ = {isa = PBXFileReference; fileEncoding = 4; lastKnownFileType = sourcecode.c.h; path = MeeOtherCell.h; sourceTree = "<group>"; };
		9C69A56A1C215AFE007EE398 /* MeeOtherCell.m */ = {isa = PBXFileReference; fileEncoding = 4; lastKnownFileType = sourcecode.c.objc; path = MeeOtherCell.m; sourceTree = "<group>"; };
		9C69A56B1C215AFE007EE398 /* MeeOtherCell.xib */ = {isa = PBXFileReference; fileEncoding = 4; lastKnownFileType = file.xib; path = MeeOtherCell.xib; sourceTree = "<group>"; };
		9C83847D1C1EC0860043641A /* MeeFooterView.h */ = {isa = PBXFileReference; fileEncoding = 4; lastKnownFileType = sourcecode.c.h; path = MeeFooterView.h; sourceTree = "<group>"; };
		9C83847E1C1EC0860043641A /* MeeFooterView.m */ = {isa = PBXFileReference; fileEncoding = 4; lastKnownFileType = sourcecode.c.objc; path = MeeFooterView.m; sourceTree = "<group>"; };
		9C8384801C1EC4D10043641A /* MeeSquareModel.h */ = {isa = PBXFileReference; fileEncoding = 4; lastKnownFileType = sourcecode.c.h; path = MeeSquareModel.h; sourceTree = "<group>"; };
		9C8384811C1EC4D10043641A /* MeeSquareModel.m */ = {isa = PBXFileReference; fileEncoding = 4; lastKnownFileType = sourcecode.c.objc; path = MeeSquareModel.m; sourceTree = "<group>"; };
		9C90B8F21C1D11200099F410 /* MeeTextField.h */ = {isa = PBXFileReference; fileEncoding = 4; lastKnownFileType = sourcecode.c.h; path = MeeTextField.h; sourceTree = "<group>"; };
		9C90B8F31C1D11200099F410 /* MeeTextField.m */ = {isa = PBXFileReference; fileEncoding = 4; lastKnownFileType = sourcecode.c.objc; path = MeeTextField.m; sourceTree = "<group>"; };
		9C90B8F51C1D23FA0099F410 /* UITextField+MeeExtensionPlaceholderColor.h */ = {isa = PBXFileReference; fileEncoding = 4; lastKnownFileType = sourcecode.c.h; path = "UITextField+MeeExtensionPlaceholderColor.h"; sourceTree = "<group>"; };
		9C90B8F61C1D23FA0099F410 /* UITextField+MeeExtensionPlaceholderColor.m */ = {isa = PBXFileReference; fileEncoding = 4; lastKnownFileType = sourcecode.c.objc; path = "UITextField+MeeExtensionPlaceholderColor.m"; sourceTree = "<group>"; };
		9C90B8FC1C1DA23F0099F410 /* MeeMeCell.h */ = {isa = PBXFileReference; fileEncoding = 4; lastKnownFileType = sourcecode.c.h; path = MeeMeCell.h; sourceTree = "<group>"; };
		9C90B8FD1C1DA23F0099F410 /* MeeMeCell.m */ = {isa = PBXFileReference; fileEncoding = 4; lastKnownFileType = sourcecode.c.objc; path = MeeMeCell.m; sourceTree = "<group>"; };
		9CBF42731C7DB18E00CAD6E5 /* MeeTopicModel.h */ = {isa = PBXFileReference; fileEncoding = 4; lastKnownFileType = sourcecode.c.h; path = MeeTopicModel.h; sourceTree = "<group>"; };
		9CBF42741C7DB18E00CAD6E5 /* MeeTopicModel.m */ = {isa = PBXFileReference; fileEncoding = 4; lastKnownFileType = sourcecode.c.objc; path = MeeTopicModel.m; sourceTree = "<group>"; };
		9CBF42781C7DB4BE00CAD6E5 /* MeeTopicCell.h */ = {isa = PBXFileReference; fileEncoding = 4; lastKnownFileType = sourcecode.c.h; path = MeeTopicCell.h; sourceTree = "<group>"; };
		9CBF42791C7DB4BE00CAD6E5 /* MeeTopicCell.m */ = {isa = PBXFileReference; fileEncoding = 4; lastKnownFileType = sourcecode.c.objc; path = MeeTopicCell.m; sourceTree = "<group>"; };
		9CBF427A1C7DB4BE00CAD6E5 /* MeeTopicCell.xib */ = {isa = PBXFileReference; fileEncoding = 4; lastKnownFileType = file.xib; path = MeeTopicCell.xib; sourceTree = "<group>"; };
		9CE0A3951C25746300011309 /* MeeRefreshHeader.h */ = {isa = PBXFileReference; fileEncoding = 4; lastKnownFileType = sourcecode.c.h; path = MeeRefreshHeader.h; sourceTree = "<group>"; };
		9CE0A3961C25746300011309 /* MeeRefreshHeader.m */ = {isa = PBXFileReference; fileEncoding = 4; lastKnownFileType = sourcecode.c.objc; path = MeeRefreshHeader.m; sourceTree = "<group>"; };
		9CE0A3981C2594D300011309 /* MeeRefreshFooter.h */ = {isa = PBXFileReference; fileEncoding = 4; lastKnownFileType = sourcecode.c.h; path = MeeRefreshFooter.h; sourceTree = "<group>"; };
		9CE0A3991C2594D300011309 /* MeeRefreshFooter.m */ = {isa = PBXFileReference; fileEncoding = 4; lastKnownFileType = sourcecode.c.objc; path = MeeRefreshFooter.m; sourceTree = "<group>"; };
		D38C993FA7D182A9E412698B /* libPods.a */ = {isa = PBXFileReference; explicitFileType = archive.ar; includeInIndex = 0; path = libPods.a; sourceTree = BUILT_PRODUCTS_DIR; };
/* End PBXFileReference section */

/* Begin PBXFrameworksBuildPhase section */
		9BFA81B91BEAF7E500AA71B5 /* Frameworks */ = {
			isa = PBXFrameworksBuildPhase;
			buildActionMask = 2147483647;
			files = (
				268EF97BA0D98B4E7647092B /* libPods.a in Frameworks */,
			);
			runOnlyForDeploymentPostprocessing = 0;
		};
		9BFA81D21BEAF7E500AA71B5 /* Frameworks */ = {
			isa = PBXFrameworksBuildPhase;
			buildActionMask = 2147483647;
			files = (
			);
			runOnlyForDeploymentPostprocessing = 0;
		};
		9BFA81DD1BEAF7E500AA71B5 /* Frameworks */ = {
			isa = PBXFrameworksBuildPhase;
			buildActionMask = 2147483647;
			files = (
			);
			runOnlyForDeploymentPostprocessing = 0;
		};
/* End PBXFrameworksBuildPhase section */

/* Begin PBXGroup section */
		5CEA85B485F84DC179A5CB25 /* Pods */ = {
			isa = PBXGroup;
			children = (
				3C0BE653616906A83AD39529 /* Pods.debug.xcconfig */,
				184A2A2B2FC4F4BAC3F66B1D /* Pods.release.xcconfig */,
			);
			name = Pods;
			sourceTree = "<group>";
		};
		9B47C2F21BED7F7B0060F6CD /* Classes */ = {
			isa = PBXGroup;
			children = (
				9B47C2FB1BED7F7B0060F6CD /* Main-根控制器 */,
				9B47C2F31BED7F7B0060F6CD /* Essence-精华 */,
				9B47C2F71BED7F7B0060F6CD /* FriendTrends-关注 */,
				9B47C2FF1BED7F7B0060F6CD /* Me-我 */,
				9B47C3031BED7F7B0060F6CD /* New-新贴 */,
				9B47C30D1BED7F7B0060F6CD /* Pulish-发布 */,
				9B47C3071BED7F7B0060F6CD /* Other-其他 */,
			);
			path = Classes;
			sourceTree = "<group>";
		};
		9B47C2F31BED7F7B0060F6CD /* Essence-精华 */ = {
			isa = PBXGroup;
			children = (
				9B47C2F41BED7F7B0060F6CD /* Controller */,
				9B47C2F51BED7F7B0060F6CD /* Model */,
				9B47C2F61BED7F7B0060F6CD /* View */,
			);
			path = "Essence-精华";
			sourceTree = "<group>";
		};
		9B47C2F41BED7F7B0060F6CD /* Controller */ = {
			isa = PBXGroup;
			children = (
				9C0BAEA11C40EE9B00747C7B /* 精华控制器-根 */,
				9C0BAEA21C40EEC100747C7B /* 精华子控制器 - 子 */,
				9BF01C5A1BF6C0760004E78D /* 推荐标签 */,
			);
			path = Controller;
			sourceTree = "<group>";
		};
		9B47C2F51BED7F7B0060F6CD /* Model */ = {
			isa = PBXGroup;
			children = (
				9CBF42761C7DB24900CAD6E5 /* Topic */,
				9BF01C691BF7326D0004E78D /* MeeTagModel.h */,
				9BF01C6A1BF7326D0004E78D /* MeeTagModel.m */,
			);
			path = Model;
			sourceTree = "<group>";
		};
		9B47C2F61BED7F7B0060F6CD /* View */ = {
			isa = PBXGroup;
			children = (
				9CBF42771C7DB48600CAD6E5 /* topic */,
				9BF01C6C1BF737E60004E78D /* MeeTagTableViewCell.h */,
				9BF01C6D1BF737E60004E78D /* MeeTagTableViewCell.m */,
				9BF01C6E1BF737E60004E78D /* MeeTagTableViewCell.xib */,
			);
			path = View;
			sourceTree = "<group>";
		};
		9B47C2F71BED7F7B0060F6CD /* FriendTrends-关注 */ = {
			isa = PBXGroup;
			children = (
				9B47C2F81BED7F7B0060F6CD /* Controller */,
				9B47C2F91BED7F7B0060F6CD /* Model */,
				9B47C2FA1BED7F7B0060F6CD /* View */,
			);
			path = "FriendTrends-关注";
			sourceTree = "<group>";
		};
		9B47C2F81BED7F7B0060F6CD /* Controller */ = {
			isa = PBXGroup;
			children = (
				9C00BA3F1C23029D0058A850 /* AddCategory */,
				9B47C31C1BED83120060F6CD /* MeeFriendTrendsViewController.h */,
				9B47C31D1BED83120060F6CD /* MeeFriendTrendsViewController.m */,
				9BB666FA1BFC0A460082B620 /* MeeLoginRegisterController.h */,
				9BB666FB1BFC0A460082B620 /* MeeLoginRegisterController.m */,
				9BB6673C1BFC1D2F0082B620 /* MeeFriendTrendsViewController.storyboard */,
			);
			path = Controller;
			sourceTree = "<group>";
		};
		9B47C2F91BED7F7B0060F6CD /* Model */ = {
			isa = PBXGroup;
			children = (
				9C4A847D1C244CE70054D56B /* MeeCategoryModel.h */,
				9C4A847E1C244CE70054D56B /* MeeCategoryModel.m */,
				9C4A84801C2460880054D56B /* MeeUserModel.h */,
				9C4A84811C2460880054D56B /* MeeUserModel.m */,
			);
			path = Model;
			sourceTree = "<group>";
		};
		9B47C2FA1BED7F7B0060F6CD /* View */ = {
			isa = PBXGroup;
			children = (
				9C579E521C251A320010420F /* AddCategory */,
				9BB6673E1BFC28C50082B620 /* MeeLoginButton.h */,
				9BB6673F1BFC28C50082B620 /* MeeLoginButton.m */,
				9C90B8F21C1D11200099F410 /* MeeTextField.h */,
				9C90B8F31C1D11200099F410 /* MeeTextField.m */,
			);
			path = View;
			sourceTree = "<group>";
		};
		9B47C2FB1BED7F7B0060F6CD /* Main-根控制器 */ = {
			isa = PBXGroup;
			children = (
				9B47C2FC1BED7F7B0060F6CD /* Controller */,
				9B47C2FD1BED7F7B0060F6CD /* Model */,
				9B47C2FE1BED7F7B0060F6CD /* View */,
			);
			path = "Main-根控制器";
			sourceTree = "<group>";
		};
		9B47C2FC1BED7F7B0060F6CD /* Controller */ = {
			isa = PBXGroup;
			children = (
				9B47C3131BED80E80060F6CD /* MeeTabBarController.h */,
				9B47C3141BED80E80060F6CD /* MeeTabBarController.m */,
				9B47C3161BED810F0060F6CD /* MeeNavigationController.h */,
				9B47C3171BED810F0060F6CD /* MeeNavigationController.m */,
			);
			path = Controller;
			sourceTree = "<group>";
		};
		9B47C2FD1BED7F7B0060F6CD /* Model */ = {
			isa = PBXGroup;
			children = (
			);
			path = Model;
			sourceTree = "<group>";
		};
		9B47C2FE1BED7F7B0060F6CD /* View */ = {
			isa = PBXGroup;
			children = (
				9BEBD10B1BF2C84E00FE8CFB /* MeeTabBar.h */,
				9BEBD10C1BF2C84E00FE8CFB /* MeeTabBar.m */,
			);
			path = View;
			sourceTree = "<group>";
		};
		9B47C2FF1BED7F7B0060F6CD /* Me-我 */ = {
			isa = PBXGroup;
			children = (
				9B47C3001BED7F7B0060F6CD /* Controller */,
				9B47C3011BED7F7B0060F6CD /* Model */,
				9B47C3021BED7F7B0060F6CD /* View */,
			);
			path = "Me-我";
			sourceTree = "<group>";
		};
		9B47C3001BED7F7B0060F6CD /* Controller */ = {
			isa = PBXGroup;
			children = (
				9B47C31F1BED83200060F6CD /* MeeMeViewController.h */,
				9B47C3201BED83200060F6CD /* MeeMeViewController.m */,
				9C69A5571C2126EC007EE398 /* MeeWebController.h */,
				9C69A5581C2126EC007EE398 /* MeeWebController.m */,
				9C69A5591C2126EC007EE398 /* MeeWebController.xib */,
				9C69A55C1C2142D5007EE398 /* MeeSettingViewController.h */,
				9C69A55D1C2142D5007EE398 /* MeeSettingViewController.m */,
			);
			path = Controller;
			sourceTree = "<group>";
		};
		9B47C3011BED7F7B0060F6CD /* Model */ = {
			isa = PBXGroup;
			children = (
				9C8384801C1EC4D10043641A /* MeeSquareModel.h */,
				9C8384811C1EC4D10043641A /* MeeSquareModel.m */,
			);
			path = Model;
			sourceTree = "<group>";
		};
		9B47C3021BED7F7B0060F6CD /* View */ = {
			isa = PBXGroup;
			children = (
				9C69A5601C21571B007EE398 /* setting */,
				9C69A55F1C21570A007EE398 /* footView */,
				9C90B8FC1C1DA23F0099F410 /* MeeMeCell.h */,
				9C90B8FD1C1DA23F0099F410 /* MeeMeCell.m */,
			);
			path = View;
			sourceTree = "<group>";
		};
		9B47C3031BED7F7B0060F6CD /* New-新贴 */ = {
			isa = PBXGroup;
			children = (
				9B47C3041BED7F7B0060F6CD /* Controller */,
				9B47C3051BED7F7B0060F6CD /* Model */,
				9B47C3061BED7F7B0060F6CD /* View */,
			);
			path = "New-新贴";
			sourceTree = "<group>";
		};
		9B47C3041BED7F7B0060F6CD /* Controller */ = {
			isa = PBXGroup;
			children = (
				9B47C3221BED83450060F6CD /* MeeNewViewController.h */,
				9B47C3231BED83450060F6CD /* MeeNewViewController.m */,
			);
			path = Controller;
			sourceTree = "<group>";
		};
		9B47C3051BED7F7B0060F6CD /* Model */ = {
			isa = PBXGroup;
			children = (
			);
			path = Model;
			sourceTree = "<group>";
		};
		9B47C3061BED7F7B0060F6CD /* View */ = {
			isa = PBXGroup;
			children = (
			);
			path = View;
			sourceTree = "<group>";
		};
		9B47C3071BED7F7B0060F6CD /* Other-其他 */ = {
			isa = PBXGroup;
			children = (
				9CE0A3941C25739000011309 /* RefreshOrDown */,
				9BFA44341BEDAD66007DD99E /* main.m */,
				9BFA44351BEDAD66007DD99E /* PrefixHeader.pch */,
				9B47C3081BED7F7B0060F6CD /* AppDelegate.h */,
				9B47C3091BED7F7B0060F6CD /* AppDelegate.m */,
				9BFA44371BEE1E56007DD99E /* Category */,
				9B47C30A1BED7F7B0060F6CD /* Controller */,
				9B47C30B1BED7F7B0060F6CD /* Model */,
				9B47C30C1BED7F7B0060F6CD /* View */,
				9BF01C631BF729CE0004E78D /* MeeHTTPSessionManager.h */,
				9BF01C641BF729CE0004E78D /* MeeHTTPSessionManager.m */,
				9BF01C661BF72CEC0004E78D /* MeeConst.h */,
				9BF01C671BF72CEC0004E78D /* MeeConst.m */,
			);
			path = "Other-其他";
			sourceTree = "<group>";
		};
		9B47C30A1BED7F7B0060F6CD /* Controller */ = {
			isa = PBXGroup;
			children = (
			);
			path = Controller;
			sourceTree = "<group>";
		};
		9B47C30B1BED7F7B0060F6CD /* Model */ = {
			isa = PBXGroup;
			children = (
			);
			path = Model;
			sourceTree = "<group>";
		};
		9B47C30C1BED7F7B0060F6CD /* View */ = {
			isa = PBXGroup;
			children = (
			);
			path = View;
			sourceTree = "<group>";
		};
		9B47C30D1BED7F7B0060F6CD /* Pulish-发布 */ = {
			isa = PBXGroup;
			children = (
				9B47C30E1BED7F7B0060F6CD /* Controller */,
				9B47C30F1BED7F7B0060F6CD /* Model */,
				9B47C3101BED7F7B0060F6CD /* View */,
			);
			path = "Pulish-发布";
			sourceTree = "<group>";
		};
		9B47C30E1BED7F7B0060F6CD /* Controller */ = {
			isa = PBXGroup;
			children = (
				9B47C3251BED835F0060F6CD /* MeePulishViewController.h */,
				9B47C3261BED835F0060F6CD /* MeePulishViewController.m */,
			);
			path = Controller;
			sourceTree = "<group>";
		};
		9B47C30F1BED7F7B0060F6CD /* Model */ = {
			isa = PBXGroup;
			children = (
			);
			path = Model;
			sourceTree = "<group>";
		};
		9B47C3101BED7F7B0060F6CD /* View */ = {
			isa = PBXGroup;
			children = (
			);
			path = View;
			sourceTree = "<group>";
		};
		9BF01C5A1BF6C0760004E78D /* 推荐标签 */ = {
			isa = PBXGroup;
			children = (
				9BF01C5B1BF6C0B50004E78D /* MeeTagTableViewController.h */,
				9BF01C5C1BF6C0B50004E78D /* MeeTagTableViewController.m */,
			);
			name = "推荐标签";
			sourceTree = "<group>";
		};
		9BFA44371BEE1E56007DD99E /* Category */ = {
			isa = PBXGroup;
			children = (
				9BF01C711BF742080004E78D /* UIView+Frame.h */,
				9BF01C721BF742080004E78D /* UIView+Frame.m */,
				9BFA44381BEE1E82007DD99E /* UIBarButtonItem+MeeBarButtonItem.h */,
				9BFA44391BEE1E82007DD99E /* UIBarButtonItem+MeeBarButtonItem.m */,
				9BE8BDB01BF81F9C00B75E7B /* UIImage+MeeCircleImage.h */,
				9BE8BDB11BF81F9C00B75E7B /* UIImage+MeeCircleImage.m */,
				9BE8BDB31BF8241000B75E7B /* UIImageView+MeeHeaderImage.h */,
				9BE8BDB41BF8241000B75E7B /* UIImageView+MeeHeaderImage.m */,
				9C90B8F51C1D23FA0099F410 /* UITextField+MeeExtensionPlaceholderColor.h */,
				9C90B8F61C1D23FA0099F410 /* UITextField+MeeExtensionPlaceholderColor.m */,
			);
			path = Category;
			sourceTree = "<group>";
		};
		9BFA81B31BEAF7E500AA71B5 = {
			isa = PBXGroup;
			children = (
				9BFA81BE1BEAF7E500AA71B5 /* MeeBS */,
				9BFA81D81BEAF7E500AA71B5 /* MeeBSTests */,
				9BFA81E31BEAF7E500AA71B5 /* MeeBSUITests */,
				9BFA81BD1BEAF7E500AA71B5 /* Products */,
				5CEA85B485F84DC179A5CB25 /* Pods */,
				E7EAA70FD1DE76B47D26DB1C /* Frameworks */,
			);
			sourceTree = "<group>";
		};
		9BFA81BD1BEAF7E500AA71B5 /* Products */ = {
			isa = PBXGroup;
			children = (
				9BFA81BC1BEAF7E500AA71B5 /* MeeBS.app */,
				9BFA81D51BEAF7E500AA71B5 /* MeeBSTests.xctest */,
				9BFA81E01BEAF7E500AA71B5 /* MeeBSUITests.xctest */,
			);
			name = Products;
			sourceTree = "<group>";
		};
		9BFA81BE1BEAF7E500AA71B5 /* MeeBS */ = {
			isa = PBXGroup;
			children = (
				9B47C2F21BED7F7B0060F6CD /* Classes */,
				9BFA81BF1BEAF7E500AA71B5 /* Supporting Files */,
			);
			path = MeeBS;
			sourceTree = "<group>";
		};
		9BFA81BF1BEAF7E500AA71B5 /* Supporting Files */ = {
			isa = PBXGroup;
			children = (
				9BFA81CB1BEAF7E500AA71B5 /* Assets.xcassets */,
				9BFA81D01BEAF7E500AA71B5 /* Info.plist */,
			);
			name = "Supporting Files";
			sourceTree = "<group>";
		};
		9BFA81D81BEAF7E500AA71B5 /* MeeBSTests */ = {
			isa = PBXGroup;
			children = (
				9BFA81D91BEAF7E500AA71B5 /* MeeBSTests.m */,
				9BFA81DB1BEAF7E500AA71B5 /* Info.plist */,
			);
			path = MeeBSTests;
			sourceTree = "<group>";
		};
		9BFA81E31BEAF7E500AA71B5 /* MeeBSUITests */ = {
			isa = PBXGroup;
			children = (
				9BFA81E41BEAF7E500AA71B5 /* MeeBSUITests.m */,
				9BFA81E61BEAF7E500AA71B5 /* Info.plist */,
			);
			path = MeeBSUITests;
			sourceTree = "<group>";
		};
		9C00BA3F1C23029D0058A850 /* AddCategory */ = {
			isa = PBXGroup;
			children = (
				9C00BA401C2303150058A850 /* MeeCategoryViewController.h */,
				9C00BA411C2303150058A850 /* MeeCategoryViewController.m */,
			);
			name = AddCategory;
			sourceTree = "<group>";
		};
		9C0BAEA11C40EE9B00747C7B /* 精华控制器-根 */ = {
			isa = PBXGroup;
			children = (
				9B47C3191BED82F30060F6CD /* MeeEssenceViewController.h */,
				9B47C31A1BED82F30060F6CD /* MeeEssenceViewController.m */,
			);
			name = "精华控制器-根";
			sourceTree = "<group>";
		};
		9C0BAEA21C40EEC100747C7B /* 精华子控制器 - 子 */ = {
			isa = PBXGroup;
			children = (
				9C0BAEA31C40EF2500747C7B /* MeeAllViewController.h */,
				9C0BAEA41C40EF2500747C7B /* MeeAllViewController.m */,
				9C0BAEA61C40EF4700747C7B /* MeeVideoViewController.h */,
				9C0BAEA71C40EF4700747C7B /* MeeVideoViewController.m */,
				9C0BAEA91C40EF6700747C7B /* MeeVoiceViewController.h */,
				9C0BAEAA1C40EF6700747C7B /* MeeVoiceViewController.m */,
				9C0BAEAC1C40EF7B00747C7B /* MeePictureViewController.h */,
				9C0BAEAD1C40EF7B00747C7B /* MeePictureViewController.m */,
				9C0BAEAF1C40EF9100747C7B /* MeeWordViewController.h */,
				9C0BAEB01C40EF9100747C7B /* MeeWordViewController.m */,
			);
			name = "精华子控制器 - 子";
			sourceTree = "<group>";
		};
		9C579E521C251A320010420F /* AddCategory */ = {
			isa = PBXGroup;
			children = (
				9C579E531C251A5D0010420F /* MeeCategoryCell.h */,
				9C579E541C251A5D0010420F /* MeeCategoryCell.m */,
				9C579E561C251A710010420F /* MeeUserCell.h */,
				9C579E571C251A710010420F /* MeeUserCell.m */,
			);
			name = AddCategory;
			sourceTree = "<group>";
		};
		9C69A55F1C21570A007EE398 /* footView */ = {
			isa = PBXGroup;
			children = (
				9C83847D1C1EC0860043641A /* MeeFooterView.h */,
				9C83847E1C1EC0860043641A /* MeeFooterView.m */,
				9C69A5541C2104DF007EE398 /* MeeButton.h */,
				9C69A5551C2104DF007EE398 /* MeeButton.m */,
			);
			name = footView;
			sourceTree = "<group>";
		};
		9C69A5601C21571B007EE398 /* setting */ = {
			isa = PBXGroup;
			children = (
				9C69A5611C215758007EE398 /* MeeClearCell.h */,
				9C69A5621C215758007EE398 /* MeeClearCell.m */,
				9C69A5641C215772007EE398 /* MeeSettingCell.h */,
				9C69A5651C215772007EE398 /* MeeSettingCell.m */,
				9C69A5661C215772007EE398 /* MeeSettingCell.xib */,
				9C69A5691C215AFE007EE398 /* MeeOtherCell.h */,
				9C69A56A1C215AFE007EE398 /* MeeOtherCell.m */,
				9C69A56B1C215AFE007EE398 /* MeeOtherCell.xib */,
			);
			name = setting;
			sourceTree = "<group>";
		};
		9CBF42761C7DB24900CAD6E5 /* Topic */ = {
			isa = PBXGroup;
			children = (
				9CBF42731C7DB18E00CAD6E5 /* MeeTopicModel.h */,
				9CBF42741C7DB18E00CAD6E5 /* MeeTopicModel.m */,
			);
			name = Topic;
			sourceTree = "<group>";
		};
		9CBF42771C7DB48600CAD6E5 /* topic */ = {
			isa = PBXGroup;
			children = (
				9CBF42781C7DB4BE00CAD6E5 /* MeeTopicCell.h */,
				9CBF42791C7DB4BE00CAD6E5 /* MeeTopicCell.m */,
				9CBF427A1C7DB4BE00CAD6E5 /* MeeTopicCell.xib */,
			);
			name = topic;
			sourceTree = "<group>";
		};
		9CE0A3941C25739000011309 /* RefreshOrDown */ = {
			isa = PBXGroup;
			children = (
				9CE0A3951C25746300011309 /* MeeRefreshHeader.h */,
				9CE0A3961C25746300011309 /* MeeRefreshHeader.m */,
				9CE0A3981C2594D300011309 /* MeeRefreshFooter.h */,
				9CE0A3991C2594D300011309 /* MeeRefreshFooter.m */,
			);
			name = RefreshOrDown;
			sourceTree = "<group>";
		};
		E7EAA70FD1DE76B47D26DB1C /* Frameworks */ = {
			isa = PBXGroup;
			children = (
				D38C993FA7D182A9E412698B /* libPods.a */,
			);
			name = Frameworks;
			sourceTree = "<group>";
		};
/* End PBXGroup section */

/* Begin PBXNativeTarget section */
		9BFA81BB1BEAF7E500AA71B5 /* MeeBS */ = {
			isa = PBXNativeTarget;
			buildConfigurationList = 9BFA81E91BEAF7E500AA71B5 /* Build configuration list for PBXNativeTarget "MeeBS" */;
			buildPhases = (
				9D68EB582CEEEFA37283F161 /* Check Pods Manifest.lock */,
				9BFA81B81BEAF7E500AA71B5 /* Sources */,
				9BFA81B91BEAF7E500AA71B5 /* Frameworks */,
				9BFA81BA1BEAF7E500AA71B5 /* Resources */,
				3A217AB56B1D17FC89EA2971 /* Embed Pods Frameworks */,
				95AB9FB2FE1CD6A0E1CC8F15 /* Copy Pods Resources */,
			);
			buildRules = (
			);
			dependencies = (
			);
			name = MeeBS;
			productName = MeeBS;
			productReference = 9BFA81BC1BEAF7E500AA71B5 /* MeeBS.app */;
			productType = "com.apple.product-type.application";
		};
		9BFA81D41BEAF7E500AA71B5 /* MeeBSTests */ = {
			isa = PBXNativeTarget;
			buildConfigurationList = 9BFA81EC1BEAF7E500AA71B5 /* Build configuration list for PBXNativeTarget "MeeBSTests" */;
			buildPhases = (
				9BFA81D11BEAF7E500AA71B5 /* Sources */,
				9BFA81D21BEAF7E500AA71B5 /* Frameworks */,
				9BFA81D31BEAF7E500AA71B5 /* Resources */,
			);
			buildRules = (
			);
			dependencies = (
				9BFA81D71BEAF7E500AA71B5 /* PBXTargetDependency */,
			);
			name = MeeBSTests;
			productName = MeeBSTests;
			productReference = 9BFA81D51BEAF7E500AA71B5 /* MeeBSTests.xctest */;
			productType = "com.apple.product-type.bundle.unit-test";
		};
		9BFA81DF1BEAF7E500AA71B5 /* MeeBSUITests */ = {
			isa = PBXNativeTarget;
			buildConfigurationList = 9BFA81EF1BEAF7E500AA71B5 /* Build configuration list for PBXNativeTarget "MeeBSUITests" */;
			buildPhases = (
				9BFA81DC1BEAF7E500AA71B5 /* Sources */,
				9BFA81DD1BEAF7E500AA71B5 /* Frameworks */,
				9BFA81DE1BEAF7E500AA71B5 /* Resources */,
			);
			buildRules = (
			);
			dependencies = (
				9BFA81E21BEAF7E500AA71B5 /* PBXTargetDependency */,
			);
			name = MeeBSUITests;
			productName = MeeBSUITests;
			productReference = 9BFA81E01BEAF7E500AA71B5 /* MeeBSUITests.xctest */;
			productType = "com.apple.product-type.bundle.ui-testing";
		};
/* End PBXNativeTarget section */

/* Begin PBXProject section */
		9BFA81B41BEAF7E500AA71B5 /* Project object */ = {
			isa = PBXProject;
			attributes = {
				CLASSPREFIX = Mee;
				LastUpgradeCheck = 0710;
				ORGANIZATIONNAME = Lee;
				TargetAttributes = {
					9BFA81BB1BEAF7E500AA71B5 = {
						CreatedOnToolsVersion = 7.1;
					};
					9BFA81D41BEAF7E500AA71B5 = {
						CreatedOnToolsVersion = 7.1;
						TestTargetID = 9BFA81BB1BEAF7E500AA71B5;
					};
					9BFA81DF1BEAF7E500AA71B5 = {
						CreatedOnToolsVersion = 7.1;
						TestTargetID = 9BFA81BB1BEAF7E500AA71B5;
					};
				};
			};
			buildConfigurationList = 9BFA81B71BEAF7E500AA71B5 /* Build configuration list for PBXProject "MeeBS" */;
			compatibilityVersion = "Xcode 3.2";
			developmentRegion = English;
			hasScannedForEncodings = 0;
			knownRegions = (
				en,
				Base,
			);
			mainGroup = 9BFA81B31BEAF7E500AA71B5;
			productRefGroup = 9BFA81BD1BEAF7E500AA71B5 /* Products */;
			projectDirPath = "";
			projectRoot = "";
			targets = (
				9BFA81BB1BEAF7E500AA71B5 /* MeeBS */,
				9BFA81D41BEAF7E500AA71B5 /* MeeBSTests */,
				9BFA81DF1BEAF7E500AA71B5 /* MeeBSUITests */,
			);
		};
/* End PBXProject section */

/* Begin PBXResourcesBuildPhase section */
		9BFA81BA1BEAF7E500AA71B5 /* Resources */ = {
			isa = PBXResourcesBuildPhase;
			buildActionMask = 2147483647;
			files = (
				9BB6673D1BFC1D2F0082B620 /* MeeFriendTrendsViewController.storyboard in Resources */,
				9C69A5681C215772007EE398 /* MeeSettingCell.xib in Resources */,
				9C69A56D1C215AFE007EE398 /* MeeOtherCell.xib in Resources */,
				9BF01C701BF737E60004E78D /* MeeTagTableViewCell.xib in Resources */,
				9C69A55B1C2126EC007EE398 /* MeeWebController.xib in Resources */,
				9CBF427C1C7DB4BE00CAD6E5 /* MeeTopicCell.xib in Resources */,
				9BFA81CC1BEAF7E500AA71B5 /* Assets.xcassets in Resources */,
			);
			runOnlyForDeploymentPostprocessing = 0;
		};
		9BFA81D31BEAF7E500AA71B5 /* Resources */ = {
			isa = PBXResourcesBuildPhase;
			buildActionMask = 2147483647;
			files = (
			);
			runOnlyForDeploymentPostprocessing = 0;
		};
		9BFA81DE1BEAF7E500AA71B5 /* Resources */ = {
			isa = PBXResourcesBuildPhase;
			buildActionMask = 2147483647;
			files = (
			);
			runOnlyForDeploymentPostprocessing = 0;
		};
/* End PBXResourcesBuildPhase section */

/* Begin PBXShellScriptBuildPhase section */
		3A217AB56B1D17FC89EA2971 /* Embed Pods Frameworks */ = {
			isa = PBXShellScriptBuildPhase;
			buildActionMask = 2147483647;
			files = (
			);
			inputPaths = (
			);
			name = "Embed Pods Frameworks";
			outputPaths = (
			);
			runOnlyForDeploymentPostprocessing = 0;
			shellPath = /bin/sh;
			shellScript = "\"${SRCROOT}/Pods/Target Support Files/Pods/Pods-frameworks.sh\"\n";
			showEnvVarsInLog = 0;
		};
		95AB9FB2FE1CD6A0E1CC8F15 /* Copy Pods Resources */ = {
			isa = PBXShellScriptBuildPhase;
			buildActionMask = 2147483647;
			files = (
			);
			inputPaths = (
			);
			name = "Copy Pods Resources";
			outputPaths = (
			);
			runOnlyForDeploymentPostprocessing = 0;
			shellPath = /bin/sh;
			shellScript = "\"${SRCROOT}/Pods/Target Support Files/Pods/Pods-resources.sh\"\n";
			showEnvVarsInLog = 0;
		};
		9D68EB582CEEEFA37283F161 /* Check Pods Manifest.lock */ = {
			isa = PBXShellScriptBuildPhase;
			buildActionMask = 2147483647;
			files = (
			);
			inputPaths = (
			);
			name = "Check Pods Manifest.lock";
			outputPaths = (
			);
			runOnlyForDeploymentPostprocessing = 0;
			shellPath = /bin/sh;
			shellScript = "diff \"${PODS_ROOT}/../Podfile.lock\" \"${PODS_ROOT}/Manifest.lock\" > /dev/null\nif [[ $? != 0 ]] ; then\n    cat << EOM\nerror: The sandbox is not in sync with the Podfile.lock. Run 'pod install' or update your CocoaPods installation.\nEOM\n    exit 1\nfi\n";
			showEnvVarsInLog = 0;
		};
/* End PBXShellScriptBuildPhase section */

/* Begin PBXSourcesBuildPhase section */
		9BFA81B81BEAF7E500AA71B5 /* Sources */ = {
			isa = PBXSourcesBuildPhase;
			buildActionMask = 2147483647;
			files = (
				9C69A55E1C2142D5007EE398 /* MeeSettingViewController.m in Sources */,
				9C00BA421C2303150058A850 /* MeeCategoryViewController.m in Sources */,
				9BB666FC1BFC0A460082B620 /* MeeLoginRegisterController.m in Sources */,
				9C69A56C1C215AFE007EE398 /* MeeOtherCell.m in Sources */,
				9BEBD10D1BF2C84E00FE8CFB /* MeeTabBar.m in Sources */,
				9C579E551C251A5D0010420F /* MeeCategoryCell.m in Sources */,
				9C4A84821C2460880054D56B /* MeeUserModel.m in Sources */,
				9CBF427B1C7DB4BE00CAD6E5 /* MeeTopicCell.m in Sources */,
				9C69A55A1C2126EC007EE398 /* MeeWebController.m in Sources */,
				9C0BAEA51C40EF2500747C7B /* MeeAllViewController.m in Sources */,
				9C69A5671C215772007EE398 /* MeeSettingCell.m in Sources */,
				9C90B8F71C1D23FA0099F410 /* UITextField+MeeExtensionPlaceholderColor.m in Sources */,
				9BF01C6B1BF7326D0004E78D /* MeeTagModel.m in Sources */,
				9B47C3151BED80E80060F6CD /* MeeTabBarController.m in Sources */,
				9B47C3241BED83450060F6CD /* MeeNewViewController.m in Sources */,
				9CE0A39A1C2594D300011309 /* MeeRefreshFooter.m in Sources */,
				9C69A5561C2104DF007EE398 /* MeeButton.m in Sources */,
				9C90B8F41C1D11200099F410 /* MeeTextField.m in Sources */,
				9BE8BDB21BF81F9C00B75E7B /* UIImage+MeeCircleImage.m in Sources */,
				9C0BAEAE1C40EF7B00747C7B /* MeePictureViewController.m in Sources */,
				9BF01C651BF729CE0004E78D /* MeeHTTPSessionManager.m in Sources */,
				9C0BAEB11C40EF9100747C7B /* MeeWordViewController.m in Sources */,
				9C0BAEA81C40EF4700747C7B /* MeeVideoViewController.m in Sources */,
				9BB667401BFC28C50082B620 /* MeeLoginButton.m in Sources */,
				9B47C3271BED835F0060F6CD /* MeePulishViewController.m in Sources */,
				9C83847F1C1EC0860043641A /* MeeFooterView.m in Sources */,
				9CBF42751C7DB18E00CAD6E5 /* MeeTopicModel.m in Sources */,
				9CE0A3971C25746300011309 /* MeeRefreshHeader.m in Sources */,
				9C8384821C1EC4D10043641A /* MeeSquareModel.m in Sources */,
				9BF01C6F1BF737E60004E78D /* MeeTagTableViewCell.m in Sources */,
				9C579E581C251A710010420F /* MeeUserCell.m in Sources */,
				9B47C31B1BED82F30060F6CD /* MeeEssenceViewController.m in Sources */,
				9B47C3211BED83200060F6CD /* MeeMeViewController.m in Sources */,
				9BFA443A1BEE1E82007DD99E /* UIBarButtonItem+MeeBarButtonItem.m in Sources */,
				9B47C3111BED7F7B0060F6CD /* AppDelegate.m in Sources */,
				9C0BAEAB1C40EF6700747C7B /* MeeVoiceViewController.m in Sources */,
				9BF01C5D1BF6C0B50004E78D /* MeeTagTableViewController.m in Sources */,
				9BE8BDB51BF8241000B75E7B /* UIImageView+MeeHeaderImage.m in Sources */,
				9B47C31E1BED83120060F6CD /* MeeFriendTrendsViewController.m in Sources */,
				9C4A847F1C244CE70054D56B /* MeeCategoryModel.m in Sources */,
				9BFA44361BEDAD66007DD99E /* main.m in Sources */,
				9BF01C731BF742080004E78D /* UIView+Frame.m in Sources */,
				9B47C3181BED810F0060F6CD /* MeeNavigationController.m in Sources */,
				9C69A5631C215758007EE398 /* MeeClearCell.m in Sources */,
				9BF01C681BF72CEC0004E78D /* MeeConst.m in Sources */,
				9C90B8FE1C1DA23F0099F410 /* MeeMeCell.m in Sources */,
			);
			runOnlyForDeploymentPostprocessing = 0;
		};
		9BFA81D11BEAF7E500AA71B5 /* Sources */ = {
			isa = PBXSourcesBuildPhase;
			buildActionMask = 2147483647;
			files = (
				9BFA81DA1BEAF7E500AA71B5 /* MeeBSTests.m in Sources */,
			);
			runOnlyForDeploymentPostprocessing = 0;
		};
		9BFA81DC1BEAF7E500AA71B5 /* Sources */ = {
			isa = PBXSourcesBuildPhase;
			buildActionMask = 2147483647;
			files = (
				9BFA81E51BEAF7E500AA71B5 /* MeeBSUITests.m in Sources */,
			);
			runOnlyForDeploymentPostprocessing = 0;
		};
/* End PBXSourcesBuildPhase section */

/* Begin PBXTargetDependency section */
		9BFA81D71BEAF7E500AA71B5 /* PBXTargetDependency */ = {
			isa = PBXTargetDependency;
			target = 9BFA81BB1BEAF7E500AA71B5 /* MeeBS */;
			targetProxy = 9BFA81D61BEAF7E500AA71B5 /* PBXContainerItemProxy */;
		};
		9BFA81E21BEAF7E500AA71B5 /* PBXTargetDependency */ = {
			isa = PBXTargetDependency;
			target = 9BFA81BB1BEAF7E500AA71B5 /* MeeBS */;
			targetProxy = 9BFA81E11BEAF7E500AA71B5 /* PBXContainerItemProxy */;
		};
/* End PBXTargetDependency section */

/* Begin XCBuildConfiguration section */
		9BFA81E71BEAF7E500AA71B5 /* Debug */ = {
			isa = XCBuildConfiguration;
			buildSettings = {
				ALWAYS_SEARCH_USER_PATHS = NO;
				CLANG_CXX_LANGUAGE_STANDARD = "gnu++0x";
				CLANG_CXX_LIBRARY = "libc++";
				CLANG_ENABLE_MODULES = YES;
				CLANG_ENABLE_OBJC_ARC = YES;
				CLANG_WARN_BOOL_CONVERSION = YES;
				CLANG_WARN_CONSTANT_CONVERSION = YES;
				CLANG_WARN_DIRECT_OBJC_ISA_USAGE = YES_ERROR;
				CLANG_WARN_EMPTY_BODY = YES;
				CLANG_WARN_ENUM_CONVERSION = YES;
				CLANG_WARN_INT_CONVERSION = YES;
				CLANG_WARN_OBJC_ROOT_CLASS = YES_ERROR;
				CLANG_WARN_UNREACHABLE_CODE = YES;
				CLANG_WARN__DUPLICATE_METHOD_MATCH = YES;
				"CODE_SIGN_IDENTITY[sdk=iphoneos*]" = "iPhone Developer";
				COPY_PHASE_STRIP = NO;
				DEBUG_INFORMATION_FORMAT = dwarf;
				ENABLE_STRICT_OBJC_MSGSEND = YES;
				ENABLE_TESTABILITY = YES;
				GCC_C_LANGUAGE_STANDARD = gnu99;
				GCC_DYNAMIC_NO_PIC = NO;
				GCC_NO_COMMON_BLOCKS = YES;
				GCC_OPTIMIZATION_LEVEL = 0;
				GCC_PREPROCESSOR_DEFINITIONS = (
					"DEBUG=1",
					"$(inherited)",
				);
				GCC_WARN_64_TO_32_BIT_CONVERSION = YES;
				GCC_WARN_ABOUT_RETURN_TYPE = YES_ERROR;
				GCC_WARN_UNDECLARED_SELECTOR = YES;
				GCC_WARN_UNINITIALIZED_AUTOS = YES_AGGRESSIVE;
				GCC_WARN_UNUSED_FUNCTION = YES;
				GCC_WARN_UNUSED_VARIABLE = YES;
				IPHONEOS_DEPLOYMENT_TARGET = 9.1;
				MTL_ENABLE_DEBUG_INFO = YES;
				ONLY_ACTIVE_ARCH = YES;
				SDKROOT = iphoneos;
			};
			name = Debug;
		};
		9BFA81E81BEAF7E500AA71B5 /* Release */ = {
			isa = XCBuildConfiguration;
			buildSettings = {
				ALWAYS_SEARCH_USER_PATHS = NO;
				CLANG_CXX_LANGUAGE_STANDARD = "gnu++0x";
				CLANG_CXX_LIBRARY = "libc++";
				CLANG_ENABLE_MODULES = YES;
				CLANG_ENABLE_OBJC_ARC = YES;
				CLANG_WARN_BOOL_CONVERSION = YES;
				CLANG_WARN_CONSTANT_CONVERSION = YES;
				CLANG_WARN_DIRECT_OBJC_ISA_USAGE = YES_ERROR;
				CLANG_WARN_EMPTY_BODY = YES;
				CLANG_WARN_ENUM_CONVERSION = YES;
				CLANG_WARN_INT_CONVERSION = YES;
				CLANG_WARN_OBJC_ROOT_CLASS = YES_ERROR;
				CLANG_WARN_UNREACHABLE_CODE = YES;
				CLANG_WARN__DUPLICATE_METHOD_MATCH = YES;
				"CODE_SIGN_IDENTITY[sdk=iphoneos*]" = "iPhone Developer";
				COPY_PHASE_STRIP = NO;
				DEBUG_INFORMATION_FORMAT = "dwarf-with-dsym";
				ENABLE_NS_ASSERTIONS = NO;
				ENABLE_STRICT_OBJC_MSGSEND = YES;
				GCC_C_LANGUAGE_STANDARD = gnu99;
				GCC_NO_COMMON_BLOCKS = YES;
				GCC_WARN_64_TO_32_BIT_CONVERSION = YES;
				GCC_WARN_ABOUT_RETURN_TYPE = YES_ERROR;
				GCC_WARN_UNDECLARED_SELECTOR = YES;
				GCC_WARN_UNINITIALIZED_AUTOS = YES_AGGRESSIVE;
				GCC_WARN_UNUSED_FUNCTION = YES;
				GCC_WARN_UNUSED_VARIABLE = YES;
				IPHONEOS_DEPLOYMENT_TARGET = 9.1;
				MTL_ENABLE_DEBUG_INFO = NO;
				SDKROOT = iphoneos;
				VALIDATE_PRODUCT = YES;
			};
			name = Release;
		};
		9BFA81EA1BEAF7E500AA71B5 /* Debug */ = {
			isa = XCBuildConfiguration;
			baseConfigurationReference = 3C0BE653616906A83AD39529 /* Pods.debug.xcconfig */;
			buildSettings = {
				ASSETCATALOG_COMPILER_APPICON_NAME = AppIcon;
				ASSETCATALOG_COMPILER_LAUNCHIMAGE_NAME = "Brand Assets";
				GCC_PREFIX_HEADER = "MeeBS/Classes/Other-其他/PrefixHeader.pch";
				INFOPLIST_FILE = MeeBS/Info.plist;
				LD_RUNPATH_SEARCH_PATHS = "$(inherited) @executable_path/Frameworks";
				PRODUCT_BUNDLE_IDENTIFIER = Lee.MeeBS;
				PRODUCT_NAME = "$(TARGET_NAME)";
			};
			name = Debug;
		};
		9BFA81EB1BEAF7E500AA71B5 /* Release */ = {
			isa = XCBuildConfiguration;
			baseConfigurationReference = 184A2A2B2FC4F4BAC3F66B1D /* Pods.release.xcconfig */;
			buildSettings = {
				ASSETCATALOG_COMPILER_APPICON_NAME = AppIcon;
				ASSETCATALOG_COMPILER_LAUNCHIMAGE_NAME = "Brand Assets";
				GCC_PREFIX_HEADER = "MeeBS/Classes/Other-其他/PrefixHeader.pch";
				INFOPLIST_FILE = MeeBS/Info.plist;
				LD_RUNPATH_SEARCH_PATHS = "$(inherited) @executable_path/Frameworks";
				PRODUCT_BUNDLE_IDENTIFIER = Lee.MeeBS;
				PRODUCT_NAME = "$(TARGET_NAME)";
			};
			name = Release;
		};
		9BFA81ED1BEAF7E500AA71B5 /* Debug */ = {
			isa = XCBuildConfiguration;
			buildSettings = {
				BUNDLE_LOADER = "$(TEST_HOST)";
				INFOPLIST_FILE = MeeBSTests/Info.plist;
				LD_RUNPATH_SEARCH_PATHS = "$(inherited) @executable_path/Frameworks @loader_path/Frameworks";
				PRODUCT_BUNDLE_IDENTIFIER = Lee.MeeBSTests;
				PRODUCT_NAME = "$(TARGET_NAME)";
				TEST_HOST = "$(BUILT_PRODUCTS_DIR)/MeeBS.app/MeeBS";
			};
			name = Debug;
		};
		9BFA81EE1BEAF7E500AA71B5 /* Release */ = {
			isa = XCBuildConfiguration;
			buildSettings = {
				BUNDLE_LOADER = "$(TEST_HOST)";
				INFOPLIST_FILE = MeeBSTests/Info.plist;
				LD_RUNPATH_SEARCH_PATHS = "$(inherited) @executable_path/Frameworks @loader_path/Frameworks";
				PRODUCT_BUNDLE_IDENTIFIER = Lee.MeeBSTests;
				PRODUCT_NAME = "$(TARGET_NAME)";
				TEST_HOST = "$(BUILT_PRODUCTS_DIR)/MeeBS.app/MeeBS";
			};
			name = Release;
		};
		9BFA81F01BEAF7E500AA71B5 /* Debug */ = {
			isa = XCBuildConfiguration;
			buildSettings = {
				INFOPLIST_FILE = MeeBSUITests/Info.plist;
				LD_RUNPATH_SEARCH_PATHS = "$(inherited) @executable_path/Frameworks @loader_path/Frameworks";
				PRODUCT_BUNDLE_IDENTIFIER = Lee.MeeBSUITests;
				PRODUCT_NAME = "$(TARGET_NAME)";
				TEST_TARGET_NAME = MeeBS;
				USES_XCTRUNNER = YES;
			};
			name = Debug;
		};
		9BFA81F11BEAF7E500AA71B5 /* Release */ = {
			isa = XCBuildConfiguration;
			buildSettings = {
				INFOPLIST_FILE = MeeBSUITests/Info.plist;
				LD_RUNPATH_SEARCH_PATHS = "$(inherited) @executable_path/Frameworks @loader_path/Frameworks";
				PRODUCT_BUNDLE_IDENTIFIER = Lee.MeeBSUITests;
				PRODUCT_NAME = "$(TARGET_NAME)";
				TEST_TARGET_NAME = MeeBS;
				USES_XCTRUNNER = YES;
			};
			name = Release;
		};
/* End XCBuildConfiguration section */

/* Begin XCConfigurationList section */
		9BFA81B71BEAF7E500AA71B5 /* Build configuration list for PBXProject "MeeBS" */ = {
			isa = XCConfigurationList;
			buildConfigurations = (
				9BFA81E71BEAF7E500AA71B5 /* Debug */,
				9BFA81E81BEAF7E500AA71B5 /* Release */,
			);
			defaultConfigurationIsVisible = 0;
			defaultConfigurationName = Release;
		};
		9BFA81E91BEAF7E500AA71B5 /* Build configuration list for PBXNativeTarget "MeeBS" */ = {
			isa = XCConfigurationList;
			buildConfigurations = (
				9BFA81EA1BEAF7E500AA71B5 /* Debug */,
				9BFA81EB1BEAF7E500AA71B5 /* Release */,
			);
			defaultConfigurationIsVisible = 0;
			defaultConfigurationName = Release;
		};
		9BFA81EC1BEAF7E500AA71B5 /* Build configuration list for PBXNativeTarget "MeeBSTests" */ = {
			isa = XCConfigurationList;
			buildConfigurations = (
				9BFA81ED1BEAF7E500AA71B5 /* Debug */,
				9BFA81EE1BEAF7E500AA71B5 /* Release */,
			);
			defaultConfigurationIsVisible = 0;
			defaultConfigurationName = Release;
		};
		9BFA81EF1BEAF7E500AA71B5 /* Build configuration list for PBXNativeTarget "MeeBSUITests" */ = {
			isa = XCConfigurationList;
			buildConfigurations = (
				9BFA81F01BEAF7E500AA71B5 /* Debug */,
				9BFA81F11BEAF7E500AA71B5 /* Release */,
			);
			defaultConfigurationIsVisible = 0;
			defaultConfigurationName = Release;
		};
/* End XCConfigurationList section */
	};
	rootObject = 9BFA81B41BEAF7E500AA71B5 /* Project object */;
}
